// !$*UTF8*$!
{
	archiveVersion = 1;
	classes = {
	};
	objectVersion = 46;
	objects = {

/* Begin PBXBuildFile section */
		D85AF9AC19D9683900665C9B /* AppDelegate.swift in Sources */ = {isa = PBXBuildFile; fileRef = D85AF9AB19D9683900665C9B /* AppDelegate.swift */; };
		D85AF9B119D9683900665C9B /* Main.storyboard in Resources */ = {isa = PBXBuildFile; fileRef = D85AF9AF19D9683900665C9B /* Main.storyboard */; };
		D85AF9B319D9683900665C9B /* Images.xcassets in Resources */ = {isa = PBXBuildFile; fileRef = D85AF9B219D9683900665C9B /* Images.xcassets */; };
		D85AF9B619D9683900665C9B /* LaunchScreen.xib in Resources */ = {isa = PBXBuildFile; fileRef = D85AF9B419D9683900665C9B /* LaunchScreen.xib */; };
		D85AF9C219D9683900665C9B /* Show_my_PhotoTests.swift in Sources */ = {isa = PBXBuildFile; fileRef = D85AF9C119D9683900665C9B /* Show_my_PhotoTests.swift */; };
		D85AF9CD19D9695500665C9B /* micky_photo.png in Resources */ = {isa = PBXBuildFile; fileRef = D85AF9CC19D9695500665C9B /* micky_photo.png */; };
		D85AF9CF19D96A0E00665C9B /* MasterViewController.swift in Sources */ = {isa = PBXBuildFile; fileRef = D85AF9CE19D96A0E00665C9B /* MasterViewController.swift */; };
		D85AF9D119D96A2000665C9B /* DetailsViewController.swift in Sources */ = {isa = PBXBuildFile; fileRef = D85AF9D019D96A2000665C9B /* DetailsViewController.swift */; };
/* End PBXBuildFile section */

/* Begin PBXContainerItemProxy section */
		D85AF9BC19D9683900665C9B /* PBXContainerItemProxy */ = {
			isa = PBXContainerItemProxy;
			containerPortal = D85AF99E19D9683900665C9B /* Project object */;
			proxyType = 1;
			remoteGlobalIDString = D85AF9A519D9683900665C9B;
			remoteInfo = "Show my Photo";
		};
/* End PBXContainerItemProxy section */

/* Begin PBXFileReference section */
		D85AF9A619D9683900665C9B /* Show my Photo.app */ = {isa = PBXFileReference; explicitFileType = wrapper.application; includeInIndex = 0; path = "Show my Photo.app"; sourceTree = BUILT_PRODUCTS_DIR; };
		D85AF9AA19D9683900665C9B /* Info.plist */ = {isa = PBXFileReference; lastKnownFileType = text.plist.xml; path = Info.plist; sourceTree = "<group>"; };
		D85AF9AB19D9683900665C9B /* AppDelegate.swift */ = {isa = PBXFileReference; lastKnownFileType = sourcecode.swift; path = AppDelegate.swift; sourceTree = "<group>"; };
		D85AF9B019D9683900665C9B /* Base */ = {isa = PBXFileReference; lastKnownFileType = file.storyboard; name = Base; path = Base.lproj/Main.storyboard; sourceTree = "<group>"; };
		D85AF9B219D9683900665C9B /* Images.xcassets */ = {isa = PBXFileReference; lastKnownFileType = folder.assetcatalog; path = Images.xcassets; sourceTree = "<group>"; };
		D85AF9B519D9683900665C9B /* Base */ = {isa = PBXFileReference; lastKnownFileType = file.xib; name = Base; path = Base.lproj/LaunchScreen.xib; sourceTree = "<group>"; };
		D85AF9BB19D9683900665C9B /* Show my PhotoTests.xctest */ = {isa = PBXFileReference; explicitFileType = wrapper.cfbundle; includeInIndex = 0; path = "Show my PhotoTests.xctest"; sourceTree = BUILT_PRODUCTS_DIR; };
		D85AF9C019D9683900665C9B /* Info.plist */ = {isa = PBXFileReference; lastKnownFileType = text.plist.xml; path = Info.plist; sourceTree = "<group>"; };
		D85AF9C119D9683900665C9B /* Show_my_PhotoTests.swift */ = {isa = PBXFileReference; lastKnownFileType = sourcecode.swift; path = Show_my_PhotoTests.swift; sourceTree = "<group>"; };
		D85AF9CC19D9695500665C9B /* micky_photo.png */ = {isa = PBXFileReference; lastKnownFileType = image.png; name = micky_photo.png; path = "../../Downloads/Media-4/micky_photo.png"; sourceTree = "<group>"; };
		D85AF9CE19D96A0E00665C9B /* MasterViewController.swift */ = {isa = PBXFileReference; fileEncoding = 4; lastKnownFileType = sourcecode.swift; path = MasterViewController.swift; sourceTree = "<group>"; };
		D85AF9D019D96A2000665C9B /* DetailsViewController.swift */ = {isa = PBXFileReference; fileEncoding = 4; lastKnownFileType = sourcecode.swift; path = DetailsViewController.swift; sourceTree = "<group>"; };
/* End PBXFileReference section */

/* Begin PBXFrameworksBuildPhase section */
		D85AF9A319D9683900665C9B /* Frameworks */ = {
			isa = PBXFrameworksBuildPhase;
			buildActionMask = 2147483647;
			files = (
			);
			runOnlyForDeploymentPostprocessing = 0;
		};
		D85AF9B819D9683900665C9B /* Frameworks */ = {
			isa = PBXFrameworksBuildPhase;
			buildActionMask = 2147483647;
			files = (
			);
			runOnlyForDeploymentPostprocessing = 0;
		};
/* End PBXFrameworksBuildPhase section */

/* Begin PBXGroup section */
		D85AF99D19D9683900665C9B = {
			isa = PBXGroup;
			children = (
				D85AF9A819D9683900665C9B /* Show my Photo */,
				D85AF9BE19D9683900665C9B /* Show my PhotoTests */,
				D85AF9A719D9683900665C9B /* Products */,
			);
			sourceTree = "<group>";
		};
		D85AF9A719D9683900665C9B /* Products */ = {
			isa = PBXGroup;
			children = (
				D85AF9A619D9683900665C9B /* Show my Photo.app */,
				D85AF9BB19D9683900665C9B /* Show my PhotoTests.xctest */,
			);
			name = Products;
			sourceTree = "<group>";
		};
		D85AF9A819D9683900665C9B /* Show my Photo */ = {
			isa = PBXGroup;
			children = (
				D85AF9CB19D9691000665C9B /* images */,
				D85AF9AB19D9683900665C9B /* AppDelegate.swift */,
				D85AF9CE19D96A0E00665C9B /* MasterViewController.swift */,
				D85AF9D019D96A2000665C9B /* DetailsViewController.swift */,
				D85AF9AF19D9683900665C9B /* Main.storyboard */,
				D85AF9B219D9683900665C9B /* Images.xcassets */,
				D85AF9B419D9683900665C9B /* LaunchScreen.xib */,
				D85AF9A919D9683900665C9B /* Supporting Files */,
			);
			path = "Show my Photo";
			sourceTree = "<group>";
		};
		D85AF9A919D9683900665C9B /* Supporting Files */ = {
			isa = PBXGroup;
			children = (
				D85AF9AA19D9683900665C9B /* Info.plist */,
			);
			name = "Supporting Files";
			sourceTree = "<group>";
		};
		D85AF9BE19D9683900665C9B /* Show my PhotoTests */ = {
			isa = PBXGroup;
			children = (
				D85AF9C119D9683900665C9B /* Show_my_PhotoTests.swift */,
				D85AF9BF19D9683900665C9B /* Supporting Files */,
			);
			path = "Show my PhotoTests";
			sourceTree = "<group>";
		};
		D85AF9BF19D9683900665C9B /* Supporting Files */ = {
			isa = PBXGroup;
			children = (
				D85AF9C019D9683900665C9B /* Info.plist */,
			);
			name = "Supporting Files";
			sourceTree = "<group>";
		};
		D85AF9CB19D9691000665C9B /* images */ = {
			isa = PBXGroup;
			children = (
				D85AF9CC19D9695500665C9B /* micky_photo.png */,
			);
			name = images;
			path = ..;
			sourceTree = "<group>";
		};
/* End PBXGroup section */

/* Begin PBXNativeTarget section */
		D85AF9A519D9683900665C9B /* Show my Photo */ = {
			isa = PBXNativeTarget;
			buildConfigurationList = D85AF9C519D9683900665C9B /* Build configuration list for PBXNativeTarget "Show my Photo" */;
			buildPhases = (
				D85AF9A219D9683900665C9B /* Sources */,
				D85AF9A319D9683900665C9B /* Frameworks */,
				D85AF9A419D9683900665C9B /* Resources */,
			);
			buildRules = (
			);
			dependencies = (
			);
			name = "Show my Photo";
			productName = "Show my Photo";
			productReference = D85AF9A619D9683900665C9B /* Show my Photo.app */;
			productType = "com.apple.product-type.application";
		};
		D85AF9BA19D9683900665C9B /* Show my PhotoTests */ = {
			isa = PBXNativeTarget;
			buildConfigurationList = D85AF9C819D9683900665C9B /* Build configuration list for PBXNativeTarget "Show my PhotoTests" */;
			buildPhases = (
				D85AF9B719D9683900665C9B /* Sources */,
				D85AF9B819D9683900665C9B /* Frameworks */,
				D85AF9B919D9683900665C9B /* Resources */,
			);
			buildRules = (
			);
			dependencies = (
				D85AF9BD19D9683900665C9B /* PBXTargetDependency */,
			);
			name = "Show my PhotoTests";
			productName = "Show my PhotoTests";
			productReference = D85AF9BB19D9683900665C9B /* Show my PhotoTests.xctest */;
			productType = "com.apple.product-type.bundle.unit-test";
		};
/* End PBXNativeTarget section */

/* Begin PBXProject section */
		D85AF99E19D9683900665C9B /* Project object */ = {
			isa = PBXProject;
			attributes = {
				LastUpgradeCheck = 0600;
				ORGANIZATIONNAME = Megamanhxh;
				TargetAttributes = {
					D85AF9A519D9683900665C9B = {
						CreatedOnToolsVersion = 6.0;
					};
					D85AF9BA19D9683900665C9B = {
						CreatedOnToolsVersion = 6.0;
						TestTargetID = D85AF9A519D9683900665C9B;
					};
				};
			};
			buildConfigurationList = D85AF9A119D9683900665C9B /* Build configuration list for PBXProject "Show my Photo" */;
			compatibilityVersion = "Xcode 3.2";
			developmentRegion = English;
			hasScannedForEncodings = 0;
			knownRegions = (
				en,
				Base,
			);
			mainGroup = D85AF99D19D9683900665C9B;
			productRefGroup = D85AF9A719D9683900665C9B /* Products */;
			projectDirPath = "";
			projectRoot = "";
			targets = (
				D85AF9A519D9683900665C9B /* Show my Photo */,
				D85AF9BA19D9683900665C9B /* Show my PhotoTests */,
			);
		};
/* End PBXProject section */

/* Begin PBXResourcesBuildPhase section */
		D85AF9A419D9683900665C9B /* Resources */ = {
			isa = PBXResourcesBuildPhase;
			buildActionMask = 2147483647;
			files = (
				D85AF9CD19D9695500665C9B /* micky_photo.png in Resources */,
				D85AF9B119D9683900665C9B /* Main.storyboard in Resources */,
				D85AF9B619D9683900665C9B /* LaunchScreen.xib in Resources */,
				D85AF9B319D9683900665C9B /* Images.xcassets in Resources */,
			);
			runOnlyForDeploymentPostprocessing = 0;
		};
		D85AF9B919D9683900665C9B /* Resources */ = {
			isa = PBXResourcesBuildPhase;
			buildActionMask = 2147483647;
			files = (
			);
			runOnlyForDeploymentPostprocessing = 0;
		};
/* End PBXResourcesBuildPhase section */

/* Begin PBXSourcesBuildPhase section */
		D85AF9A219D9683900665C9B /* Sources */ = {
			isa = PBXSourcesBuildPhase;
			buildActionMask = 2147483647;
			files = (
				D85AF9CF19D96A0E00665C9B /* MasterViewController.swift in Sources */,
				D85AF9AC19D9683900665C9B /* AppDelegate.swift in Sources */,
				D85AF9D119D96A2000665C9B /* DetailsViewController.swift in Sources */,
			);
			runOnlyForDeploymentPostprocessing = 0;
		};
		D85AF9B719D9683900665C9B /* Sources */ = {
			isa = PBXSourcesBuildPhase;
			buildActionMask = 2147483647;
			files = (
				D85AF9C219D9683900665C9B /* Show_my_PhotoTests.swift in Sources */,
			);
			runOnlyForDeploymentPostprocessing = 0;
		};
/* End PBXSourcesBuildPhase section */

/* Begin PBXTargetDependency section */
		D85AF9BD19D9683900665C9B /* PBXTargetDependency */ = {
			isa = PBXTargetDependency;
			target = D85AF9A519D9683900665C9B /* Show my Photo */;
			targetProxy = D85AF9BC19D9683900665C9B /* PBXContainerItemProxy */;
		};
/* End PBXTargetDependency section */

/* Begin PBXVariantGroup section */
		D85AF9AF19D9683900665C9B /* Main.storyboard */ = {
			isa = PBXVariantGroup;
			children = (
				D85AF9B019D9683900665C9B /* Base */,
			);
			name = Main.storyboard;
			sourceTree = "<group>";
		};
		D85AF9B419D9683900665C9B /* LaunchScreen.xib */ = {
			isa = PBXVariantGroup;
			children = (
				D85AF9B519D9683900665C9B /* Base */,
			);
			name = LaunchScreen.xib;
			sourceTree = "<group>";
		};
/* End PBXVariantGroup section */

/* Begin XCBuildConfiguration section */
		D85AF9C319D9683900665C9B /* Debug */ = {
			isa = XCBuildConfiguration;
			buildSettings = {
				ALWAYS_SEARCH_USER_PATHS = NO;
				CLANG_CXX_LANGUAGE_STANDARD = "gnu++0x";
				CLANG_CXX_LIBRARY = "libc++";
				CLANG_ENABLE_MODULES = YES;
				CLANG_ENABLE_OBJC_ARC = YES;
				CLANG_WARN_BOOL_CONVERSION = YES;
				CLANG_WARN_CONSTANT_CONVERSION = YES;
				CLANG_WARN_DIRECT_OBJC_ISA_USAGE = YES_ERROR;
				CLANG_WARN_EMPTY_BODY = YES;
				CLANG_WARN_ENUM_CONVERSION = YES;
				CLANG_WARN_INT_CONVERSION = YES;
				CLANG_WARN_OBJC_ROOT_CLASS = YES_ERROR;
				CLANG_WARN_UNREACHABLE_CODE = YES;
				CLANG_WARN__DUPLICATE_METHOD_MATCH = YES;
				"CODE_SIGN_IDENTITY[sdk=iphoneos*]" = "iPhone Developer";
				COPY_PHASE_STRIP = NO;
				ENABLE_STRICT_OBJC_MSGSEND = YES;
				GCC_C_LANGUAGE_STANDARD = gnu99;
				GCC_DYNAMIC_NO_PIC = NO;
				GCC_OPTIMIZATION_LEVEL = 0;
				GCC_PREPROCESSOR_DEFINITIONS = (
					"DEBUG=1",
					"$(inherited)",
				);
				GCC_SYMBOLS_PRIVATE_EXTERN = NO;
				GCC_WARN_64_TO_32_BIT_CONVERSION = YES;
				GCC_WARN_ABOUT_RETURN_TYPE = YES_ERROR;
				GCC_WARN_UNDECLARED_SELECTOR = YES;
				GCC_WARN_UNINITIALIZED_AUTOS = YES_AGGRESSIVE;
				GCC_WARN_UNUSED_FUNCTION = YES;
				GCC_WARN_UNUSED_VARIABLE = YES;
				IPHONEOS_DEPLOYMENT_TARGET = 8.0;
				MTL_ENABLE_DEBUG_INFO = YES;
				ONLY_ACTIVE_ARCH = YES;
				SDKROOT = iphoneos;
				SWIFT_OPTIMIZATION_LEVEL = "-Onone";
			};
			name = Debug;
		};
		D85AF9C419D9683900665C9B /* Release */ = {
			isa = XCBuildConfiguration;
			buildSettings = {
				ALWAYS_SEARCH_USER_PATHS = NO;
				CLANG_CXX_LANGUAGE_STANDARD = "gnu++0x";
				CLANG_CXX_LIBRARY = "libc++";
				CLANG_ENABLE_MODULES = YES;
				CLANG_ENABLE_OBJC_ARC = YES;
				CLANG_WARN_BOOL_CONVERSION = YES;
				CLANG_WARN_CONSTANT_CONVERSION = YES;
				CLANG_WARN_DIRECT_OBJC_ISA_USAGE = YES_ERROR;
				CLANG_WARN_EMPTY_BODY = YES;
				CLANG_WARN_ENUM_CONVERSION = YES;
				CLANG_WARN_INT_CONVERSION = YES;
				CLANG_WARN_OBJC_ROOT_CLASS = YES_ERROR;
				CLANG_WARN_UNREACHABLE_CODE = YES;
				CLANG_WARN__DUPLICATE_METHOD_MATCH = YES;
				"CODE_SIGN_IDENTITY[sdk=iphoneos*]" = "iPhone Developer";
				COPY_PHASE_STRIP = YES;
				ENABLE_NS_ASSERTIONS = NO;
				ENABLE_STRICT_OBJC_MSGSEND = YES;
				GCC_C_LANGUAGE_STANDARD = gnu99;
				GCC_WARN_64_TO_32_BIT_CONVERSION = YES;
				GCC_WARN_ABOUT_RETURN_TYPE = YES_ERROR;
				GCC_WARN_UNDECLARED_SELECTOR = YES;
				GCC_WARN_UNINITIALIZED_AUTOS = YES_AGGRESSIVE;
				GCC_WARN_UNUSED_FUNCTION = YES;
				GCC_WARN_UNUSED_VARIABLE = YES;
				IPHONEOS_DEPLOYMENT_TARGET = 8.0;
				MTL_ENABLE_DEBUG_INFO = NO;
				SDKROOT = iphoneos;
				VALIDATE_PRODUCT = YES;
			};
			name = Release;
		};
		D85AF9C619D9683900665C9B /* Debug */ = {
			isa = XCBuildConfiguration;
			buildSettings = {
				ASSETCATALOG_COMPILER_APPICON_NAME = AppIcon;
				INFOPLIST_FILE = "Show my Photo/Info.plist";
				LD_RUNPATH_SEARCH_PATHS = "$(inherited) @executable_path/Frameworks";
				PRODUCT_NAME = "$(TARGET_NAME)";
			};
			name = Debug;
		};
		D85AF9C719D9683900665C9B /* Release */ = {
			isa = XCBuildConfiguration;
			buildSettings = {
				ASSETCATALOG_COMPILER_APPICON_NAME = AppIcon;
				INFOPLIST_FILE = "Show my Photo/Info.plist";
				LD_RUNPATH_SEARCH_PATHS = "$(inherited) @executable_path/Frameworks";
				PRODUCT_NAME = "$(TARGET_NAME)";
			};
			name = Release;
		};
		D85AF9C919D9683900665C9B /* Debug */ = {
			isa = XCBuildConfiguration;
			buildSettings = {
				BUNDLE_LOADER = "$(TEST_HOST)";
				FRAMEWORK_SEARCH_PATHS = (
					"$(SDKROOT)/Developer/Library/Frameworks",
					"$(inherited)",
				);
				GCC_PREPROCESSOR_DEFINITIONS = (
					"DEBUG=1",
					"$(inherited)",
				);
				INFOPLIST_FILE = "Show my PhotoTests/Info.plist";
				LD_RUNPATH_SEARCH_PATHS = "$(inherited) @executable_path/Frameworks @loader_path/Frameworks";
				PRODUCT_NAME = "$(TARGET_NAME)";
				TEST_HOST = "$(BUILT_PRODUCTS_DIR)/Show my Photo.app/Show my Photo";
			};
			name = Debug;
		};
		D85AF9CA19D9683900665C9B /* Release */ = {
			isa = XCBuildConfiguration;
			buildSettings = {
				BUNDLE_LOADER = "$(TEST_HOST)";
				FRAMEWORK_SEARCH_PATHS = (
					"$(SDKROOT)/Developer/Library/Frameworks",
					"$(inherited)",
				);
				INFOPLIST_FILE = "Show my PhotoTests/Info.plist";
				LD_RUNPATH_SEARCH_PATHS = "$(inherited) @executable_path/Frameworks @loader_path/Frameworks";
				PRODUCT_NAME = "$(TARGET_NAME)";
				TEST_HOST = "$(BUILT_PRODUCTS_DIR)/Show my Photo.app/Show my Photo";
			};
			name = Release;
		};
/* End XCBuildConfiguration section */

/* Begin XCConfigurationList section */
		D85AF9A119D9683900665C9B /* Build configuration list for PBXProject "Show my Photo" */ = {
			isa = XCConfigurationList;
			buildConfigurations = (
				D85AF9C319D9683900665C9B /* Debug */,
				D85AF9C419D9683900665C9B /* Release */,
			);
			defaultConfigurationIsVisible = 0;
			defaultConfigurationName = Release;
		};
		D85AF9C519D9683900665C9B /* Build configuration list for PBXNativeTarget "Show my Photo" */ = {
			isa = XCConfigurationList;
			buildConfigurations = (
				D85AF9C619D9683900665C9B /* Debug */,
				D85AF9C719D9683900665C9B /* Release */,
			);
			defaultConfigurationIsVisible = 0;
		};
		D85AF9C819D9683900665C9B /* Build configuration list for PBXNativeTarget "Show my PhotoTests" */ = {
			isa = XCConfigurationList;
			buildConfigurations = (
				D85AF9C919D9683900665C9B /* Debug */,
				D85AF9CA19D9683900665C9B /* Release */,
			);
			defaultConfigurationIsVisible = 0;
		};
/* End XCConfigurationList section */
	};
	rootObject = D85AF99E19D9683900665C9B /* Project object */;
}
