// !$*UTF8*$!
{
	archiveVersion = 1;
	classes = {
	};
	objectVersion = 46;
	objects = {

/* Begin PBXBuildFile section */
		11C7CBB41A005AB00068B09F /* album1.jpg in Resources */ = {isa = PBXBuildFile; fileRef = 11C7CBB01A005AB00068B09F /* album1.jpg */; };
		11C7CBB51A005AB00068B09F /* album2.jpg in Resources */ = {isa = PBXBuildFile; fileRef = 11C7CBB11A005AB00068B09F /* album2.jpg */; };
		11C7CBB61A005AB00068B09F /* album3.jpg in Resources */ = {isa = PBXBuildFile; fileRef = 11C7CBB21A005AB00068B09F /* album3.jpg */; };
		11C7CBB71A005AB00068B09F /* album4.jpg in Resources */ = {isa = PBXBuildFile; fileRef = 11C7CBB31A005AB00068B09F /* album4.jpg */; };
		D838CAE519F51ABA001A739B /* AppDelegate.swift in Sources */ = {isa = PBXBuildFile; fileRef = D838CAE419F51ABA001A739B /* AppDelegate.swift */; };
		D838CAEA19F51ABA001A739B /* Main.storyboard in Resources */ = {isa = PBXBuildFile; fileRef = D838CAE819F51ABA001A739B /* Main.storyboard */; };
		D838CAEC19F51ABA001A739B /* Images.xcassets in Resources */ = {isa = PBXBuildFile; fileRef = D838CAEB19F51ABA001A739B /* Images.xcassets */; };
		D838CAEF19F51ABA001A739B /* LaunchScreen.xib in Resources */ = {isa = PBXBuildFile; fileRef = D838CAED19F51ABA001A739B /* LaunchScreen.xib */; };
		D838CAFB19F51ABA001A739B /* Tut8Ex1Tests.swift in Sources */ = {isa = PBXBuildFile; fileRef = D838CAFA19F51ABA001A739B /* Tut8Ex1Tests.swift */; };
		D838CB0519F51DC4001A739B /* SongListTableViewController.swift in Sources */ = {isa = PBXBuildFile; fileRef = D838CB0419F51DC4001A739B /* SongListTableViewController.swift */; };
		D838CB0719F51DDB001A739B /* SongDetailsViewController.swift in Sources */ = {isa = PBXBuildFile; fileRef = D838CB0619F51DDB001A739B /* SongDetailsViewController.swift */; };
/* End PBXBuildFile section */

/* Begin PBXContainerItemProxy section */
		D838CAF519F51ABA001A739B /* PBXContainerItemProxy */ = {
			isa = PBXContainerItemProxy;
			containerPortal = D838CAD719F51AB9001A739B /* Project object */;
			proxyType = 1;
			remoteGlobalIDString = D838CADE19F51ABA001A739B;
			remoteInfo = Tut8Ex1;
		};
/* End PBXContainerItemProxy section */

/* Begin PBXFileReference section */
		11C7CBB01A005AB00068B09F /* album1.jpg */ = {isa = PBXFileReference; lastKnownFileType = image.jpeg; path = album1.jpg; sourceTree = "<group>"; };
		11C7CBB11A005AB00068B09F /* album2.jpg */ = {isa = PBXFileReference; lastKnownFileType = image.jpeg; path = album2.jpg; sourceTree = "<group>"; };
		11C7CBB21A005AB00068B09F /* album3.jpg */ = {isa = PBXFileReference; lastKnownFileType = image.jpeg; path = album3.jpg; sourceTree = "<group>"; };
		11C7CBB31A005AB00068B09F /* album4.jpg */ = {isa = PBXFileReference; lastKnownFileType = image.jpeg; path = album4.jpg; sourceTree = "<group>"; };
		D838CADF19F51ABA001A739B /* Tut8Ex1.app */ = {isa = PBXFileReference; explicitFileType = wrapper.application; includeInIndex = 0; path = Tut8Ex1.app; sourceTree = BUILT_PRODUCTS_DIR; };
		D838CAE319F51ABA001A739B /* Info.plist */ = {isa = PBXFileReference; lastKnownFileType = text.plist.xml; path = Info.plist; sourceTree = "<group>"; };
		D838CAE419F51ABA001A739B /* AppDelegate.swift */ = {isa = PBXFileReference; lastKnownFileType = sourcecode.swift; path = AppDelegate.swift; sourceTree = "<group>"; };
		D838CAE919F51ABA001A739B /* Base */ = {isa = PBXFileReference; lastKnownFileType = file.storyboard; name = Base; path = Base.lproj/Main.storyboard; sourceTree = "<group>"; };
		D838CAEB19F51ABA001A739B /* Images.xcassets */ = {isa = PBXFileReference; lastKnownFileType = folder.assetcatalog; path = Images.xcassets; sourceTree = "<group>"; };
		D838CAEE19F51ABA001A739B /* Base */ = {isa = PBXFileReference; lastKnownFileType = file.xib; name = Base; path = Base.lproj/LaunchScreen.xib; sourceTree = "<group>"; };
		D838CAF419F51ABA001A739B /* Tut8Ex1Tests.xctest */ = {isa = PBXFileReference; explicitFileType = wrapper.cfbundle; includeInIndex = 0; path = Tut8Ex1Tests.xctest; sourceTree = BUILT_PRODUCTS_DIR; };
		D838CAF919F51ABA001A739B /* Info.plist */ = {isa = PBXFileReference; lastKnownFileType = text.plist.xml; path = Info.plist; sourceTree = "<group>"; };
		D838CAFA19F51ABA001A739B /* Tut8Ex1Tests.swift */ = {isa = PBXFileReference; lastKnownFileType = sourcecode.swift; path = Tut8Ex1Tests.swift; sourceTree = "<group>"; };
		D838CB0419F51DC4001A739B /* SongListTableViewController.swift */ = {isa = PBXFileReference; fileEncoding = 4; lastKnownFileType = sourcecode.swift; path = SongListTableViewController.swift; sourceTree = "<group>"; };
		D838CB0619F51DDB001A739B /* SongDetailsViewController.swift */ = {isa = PBXFileReference; fileEncoding = 4; lastKnownFileType = sourcecode.swift; path = SongDetailsViewController.swift; sourceTree = "<group>"; };
/* End PBXFileReference section */

/* Begin PBXFrameworksBuildPhase section */
		D838CADC19F51ABA001A739B /* Frameworks */ = {
			isa = PBXFrameworksBuildPhase;
			buildActionMask = 2147483647;
			files = (
			);
			runOnlyForDeploymentPostprocessing = 0;
		};
		D838CAF119F51ABA001A739B /* Frameworks */ = {
			isa = PBXFrameworksBuildPhase;
			buildActionMask = 2147483647;
			files = (
			);
			runOnlyForDeploymentPostprocessing = 0;
		};
/* End PBXFrameworksBuildPhase section */

/* Begin PBXGroup section */
		D838CAD619F51AB9001A739B = {
			isa = PBXGroup;
			children = (
				D85303C919F9096400B9544B /* images */,
				D838CAE119F51ABA001A739B /* Tut8Ex1 */,
				D838CAF719F51ABA001A739B /* Tut8Ex1Tests */,
				D838CAE019F51ABA001A739B /* Products */,
			);
			sourceTree = "<group>";
		};
		D838CAE019F51ABA001A739B /* Products */ = {
			isa = PBXGroup;
			children = (
				D838CADF19F51ABA001A739B /* Tut8Ex1.app */,
				D838CAF419F51ABA001A739B /* Tut8Ex1Tests.xctest */,
			);
			name = Products;
			sourceTree = "<group>";
		};
		D838CAE119F51ABA001A739B /* Tut8Ex1 */ = {
			isa = PBXGroup;
			children = (
				D838CAE419F51ABA001A739B /* AppDelegate.swift */,
				D838CAE819F51ABA001A739B /* Main.storyboard */,
				D838CAEB19F51ABA001A739B /* Images.xcassets */,
				D838CAED19F51ABA001A739B /* LaunchScreen.xib */,
				D838CAE219F51ABA001A739B /* Supporting Files */,
				D838CB0419F51DC4001A739B /* SongListTableViewController.swift */,
				D838CB0619F51DDB001A739B /* SongDetailsViewController.swift */,
			);
			path = Tut8Ex1;
			sourceTree = "<group>";
		};
		D838CAE219F51ABA001A739B /* Supporting Files */ = {
			isa = PBXGroup;
			children = (
				D838CAE319F51ABA001A739B /* Info.plist */,
			);
			name = "Supporting Files";
			sourceTree = "<group>";
		};
		D838CAF719F51ABA001A739B /* Tut8Ex1Tests */ = {
			isa = PBXGroup;
			children = (
				D838CAFA19F51ABA001A739B /* Tut8Ex1Tests.swift */,
				D838CAF819F51ABA001A739B /* Supporting Files */,
			);
			path = Tut8Ex1Tests;
			sourceTree = "<group>";
		};
		D838CAF819F51ABA001A739B /* Supporting Files */ = {
			isa = PBXGroup;
			children = (
				D838CAF919F51ABA001A739B /* Info.plist */,
			);
			name = "Supporting Files";
			sourceTree = "<group>";
		};
		D85303C919F9096400B9544B /* images */ = {
			isa = PBXGroup;
			children = (
				11C7CBB01A005AB00068B09F /* album1.jpg */,
				11C7CBB11A005AB00068B09F /* album2.jpg */,
				11C7CBB21A005AB00068B09F /* album3.jpg */,
				11C7CBB31A005AB00068B09F /* album4.jpg */,
			);
			name = images;
			path = Tut8Ex1;
			sourceTree = "<group>";
		};
/* End PBXGroup section */

/* Begin PBXNativeTarget section */
		D838CADE19F51ABA001A739B /* Tut8Ex1 */ = {
			isa = PBXNativeTarget;
			buildConfigurationList = D838CAFE19F51ABA001A739B /* Build configuration list for PBXNativeTarget "Tut8Ex1" */;
			buildPhases = (
				D838CADB19F51ABA001A739B /* Sources */,
				D838CADC19F51ABA001A739B /* Frameworks */,
				D838CADD19F51ABA001A739B /* Resources */,
			);
			buildRules = (
			);
			dependencies = (
			);
			name = Tut8Ex1;
			productName = Tut8Ex1;
			productReference = D838CADF19F51ABA001A739B /* Tut8Ex1.app */;
			productType = "com.apple.product-type.application";
		};
		D838CAF319F51ABA001A739B /* Tut8Ex1Tests */ = {
			isa = PBXNativeTarget;
			buildConfigurationList = D838CB0119F51ABA001A739B /* Build configuration list for PBXNativeTarget "Tut8Ex1Tests" */;
			buildPhases = (
				D838CAF019F51ABA001A739B /* Sources */,
				D838CAF119F51ABA001A739B /* Frameworks */,
				D838CAF219F51ABA001A739B /* Resources */,
			);
			buildRules = (
			);
			dependencies = (
				D838CAF619F51ABA001A739B /* PBXTargetDependency */,
			);
			name = Tut8Ex1Tests;
			productName = Tut8Ex1Tests;
			productReference = D838CAF419F51ABA001A739B /* Tut8Ex1Tests.xctest */;
			productType = "com.apple.product-type.bundle.unit-test";
		};
/* End PBXNativeTarget section */

/* Begin PBXProject section */
		D838CAD719F51AB9001A739B /* Project object */ = {
			isa = PBXProject;
			attributes = {
				LastUpgradeCheck = 0600;
				ORGANIZATIONNAME = Megamanhxh;
				TargetAttributes = {
					D838CADE19F51ABA001A739B = {
						CreatedOnToolsVersion = 6.0;
					};
					D838CAF319F51ABA001A739B = {
						CreatedOnToolsVersion = 6.0;
						TestTargetID = D838CADE19F51ABA001A739B;
					};
				};
			};
			buildConfigurationList = D838CADA19F51AB9001A739B /* Build configuration list for PBXProject "Tut8Ex1" */;
			compatibilityVersion = "Xcode 3.2";
			developmentRegion = English;
			hasScannedForEncodings = 0;
			knownRegions = (
				en,
				Base,
			);
			mainGroup = D838CAD619F51AB9001A739B;
			productRefGroup = D838CAE019F51ABA001A739B /* Products */;
			projectDirPath = "";
			projectRoot = "";
			targets = (
				D838CADE19F51ABA001A739B /* Tut8Ex1 */,
				D838CAF319F51ABA001A739B /* Tut8Ex1Tests */,
			);
		};
/* End PBXProject section */

/* Begin PBXResourcesBuildPhase section */
		D838CADD19F51ABA001A739B /* Resources */ = {
			isa = PBXResourcesBuildPhase;
			buildActionMask = 2147483647;
			files = (
				11C7CBB51A005AB00068B09F /* album2.jpg in Resources */,
				11C7CBB61A005AB00068B09F /* album3.jpg in Resources */,
				D838CAEA19F51ABA001A739B /* Main.storyboard in Resources */,
				D838CAEF19F51ABA001A739B /* LaunchScreen.xib in Resources */,
				D838CAEC19F51ABA001A739B /* Images.xcassets in Resources */,
				11C7CBB41A005AB00068B09F /* album1.jpg in Resources */,
				11C7CBB71A005AB00068B09F /* album4.jpg in Resources */,
			);
			runOnlyForDeploymentPostprocessing = 0;
		};
		D838CAF219F51ABA001A739B /* Resources */ = {
			isa = PBXResourcesBuildPhase;
			buildActionMask = 2147483647;
			files = (
			);
			runOnlyForDeploymentPostprocessing = 0;
		};
/* End PBXResourcesBuildPhase section */

/* Begin PBXSourcesBuildPhase section */
		D838CADB19F51ABA001A739B /* Sources */ = {
			isa = PBXSourcesBuildPhase;
			buildActionMask = 2147483647;
			files = (
				D838CB0519F51DC4001A739B /* SongListTableViewController.swift in Sources */,
				D838CB0719F51DDB001A739B /* SongDetailsViewController.swift in Sources */,
				D838CAE519F51ABA001A739B /* AppDelegate.swift in Sources */,
			);
			runOnlyForDeploymentPostprocessing = 0;
		};
		D838CAF019F51ABA001A739B /* Sources */ = {
			isa = PBXSourcesBuildPhase;
			buildActionMask = 2147483647;
			files = (
				D838CAFB19F51ABA001A739B /* Tut8Ex1Tests.swift in Sources */,
			);
			runOnlyForDeploymentPostprocessing = 0;
		};
/* End PBXSourcesBuildPhase section */

/* Begin PBXTargetDependency section */
		D838CAF619F51ABA001A739B /* PBXTargetDependency */ = {
			isa = PBXTargetDependency;
			target = D838CADE19F51ABA001A739B /* Tut8Ex1 */;
			targetProxy = D838CAF519F51ABA001A739B /* PBXContainerItemProxy */;
		};
/* End PBXTargetDependency section */

/* Begin PBXVariantGroup section */
		D838CAE819F51ABA001A739B /* Main.storyboard */ = {
			isa = PBXVariantGroup;
			children = (
				D838CAE919F51ABA001A739B /* Base */,
			);
			name = Main.storyboard;
			sourceTree = "<group>";
		};
		D838CAED19F51ABA001A739B /* LaunchScreen.xib */ = {
			isa = PBXVariantGroup;
			children = (
				D838CAEE19F51ABA001A739B /* Base */,
			);
			name = LaunchScreen.xib;
			sourceTree = "<group>";
		};
/* End PBXVariantGroup section */

/* Begin XCBuildConfiguration section */
		D838CAFC19F51ABA001A739B /* Debug */ = {
			isa = XCBuildConfiguration;
			buildSettings = {
				ALWAYS_SEARCH_USER_PATHS = NO;
				CLANG_CXX_LANGUAGE_STANDARD = "gnu++0x";
				CLANG_CXX_LIBRARY = "libc++";
				CLANG_ENABLE_MODULES = YES;
				CLANG_ENABLE_OBJC_ARC = YES;
				CLANG_WARN_BOOL_CONVERSION = YES;
				CLANG_WARN_CONSTANT_CONVERSION = YES;
				CLANG_WARN_DIRECT_OBJC_ISA_USAGE = YES_ERROR;
				CLANG_WARN_EMPTY_BODY = YES;
				CLANG_WARN_ENUM_CONVERSION = YES;
				CLANG_WARN_INT_CONVERSION = YES;
				CLANG_WARN_OBJC_ROOT_CLASS = YES_ERROR;
				CLANG_WARN_UNREACHABLE_CODE = YES;
				CLANG_WARN__DUPLICATE_METHOD_MATCH = YES;
				"CODE_SIGN_IDENTITY[sdk=iphoneos*]" = "iPhone Developer";
				COPY_PHASE_STRIP = NO;
				ENABLE_STRICT_OBJC_MSGSEND = YES;
				GCC_C_LANGUAGE_STANDARD = gnu99;
				GCC_DYNAMIC_NO_PIC = NO;
				GCC_OPTIMIZATION_LEVEL = 0;
				GCC_PREPROCESSOR_DEFINITIONS = (
					"DEBUG=1",
					"$(inherited)",
				);
				GCC_SYMBOLS_PRIVATE_EXTERN = NO;
				GCC_WARN_64_TO_32_BIT_CONVERSION = YES;
				GCC_WARN_ABOUT_RETURN_TYPE = YES_ERROR;
				GCC_WARN_UNDECLARED_SELECTOR = YES;
				GCC_WARN_UNINITIALIZED_AUTOS = YES_AGGRESSIVE;
				GCC_WARN_UNUSED_FUNCTION = YES;
				GCC_WARN_UNUSED_VARIABLE = YES;
				IPHONEOS_DEPLOYMENT_TARGET = 8.0;
				MTL_ENABLE_DEBUG_INFO = YES;
				ONLY_ACTIVE_ARCH = YES;
				SDKROOT = iphoneos;
				SWIFT_OPTIMIZATION_LEVEL = "-Onone";
			};
			name = Debug;
		};
		D838CAFD19F51ABA001A739B /* Release */ = {
			isa = XCBuildConfiguration;
			buildSettings = {
				ALWAYS_SEARCH_USER_PATHS = NO;
				CLANG_CXX_LANGUAGE_STANDARD = "gnu++0x";
				CLANG_CXX_LIBRARY = "libc++";
				CLANG_ENABLE_MODULES = YES;
				CLANG_ENABLE_OBJC_ARC = YES;
				CLANG_WARN_BOOL_CONVERSION = YES;
				CLANG_WARN_CONSTANT_CONVERSION = YES;
				CLANG_WARN_DIRECT_OBJC_ISA_USAGE = YES_ERROR;
				CLANG_WARN_EMPTY_BODY = YES;
				CLANG_WARN_ENUM_CONVERSION = YES;
				CLANG_WARN_INT_CONVERSION = YES;
				CLANG_WARN_OBJC_ROOT_CLASS = YES_ERROR;
				CLANG_WARN_UNREACHABLE_CODE = YES;
				CLANG_WARN__DUPLICATE_METHOD_MATCH = YES;
				"CODE_SIGN_IDENTITY[sdk=iphoneos*]" = "iPhone Developer";
				COPY_PHASE_STRIP = YES;
				ENABLE_NS_ASSERTIONS = NO;
				ENABLE_STRICT_OBJC_MSGSEND = YES;
				GCC_C_LANGUAGE_STANDARD = gnu99;
				GCC_WARN_64_TO_32_BIT_CONVERSION = YES;
				GCC_WARN_ABOUT_RETURN_TYPE = YES_ERROR;
				GCC_WARN_UNDECLARED_SELECTOR = YES;
				GCC_WARN_UNINITIALIZED_AUTOS = YES_AGGRESSIVE;
				GCC_WARN_UNUSED_FUNCTION = YES;
				GCC_WARN_UNUSED_VARIABLE = YES;
				IPHONEOS_DEPLOYMENT_TARGET = 8.0;
				MTL_ENABLE_DEBUG_INFO = NO;
				SDKROOT = iphoneos;
				VALIDATE_PRODUCT = YES;
			};
			name = Release;
		};
		D838CAFF19F51ABA001A739B /* Debug */ = {
			isa = XCBuildConfiguration;
			buildSettings = {
				ASSETCATALOG_COMPILER_APPICON_NAME = AppIcon;
				INFOPLIST_FILE = Tut8Ex1/Info.plist;
				LD_RUNPATH_SEARCH_PATHS = "$(inherited) @executable_path/Frameworks";
				PRODUCT_NAME = "$(TARGET_NAME)";
			};
			name = Debug;
		};
		D838CB0019F51ABA001A739B /* Release */ = {
			isa = XCBuildConfiguration;
			buildSettings = {
				ASSETCATALOG_COMPILER_APPICON_NAME = AppIcon;
				INFOPLIST_FILE = Tut8Ex1/Info.plist;
				LD_RUNPATH_SEARCH_PATHS = "$(inherited) @executable_path/Frameworks";
				PRODUCT_NAME = "$(TARGET_NAME)";
			};
			name = Release;
		};
		D838CB0219F51ABA001A739B /* Debug */ = {
			isa = XCBuildConfiguration;
			buildSettings = {
				BUNDLE_LOADER = "$(TEST_HOST)";
				FRAMEWORK_SEARCH_PATHS = (
					"$(SDKROOT)/Developer/Library/Frameworks",
					"$(inherited)",
				);
				GCC_PREPROCESSOR_DEFINITIONS = (
					"DEBUG=1",
					"$(inherited)",
				);
				INFOPLIST_FILE = Tut8Ex1Tests/Info.plist;
				LD_RUNPATH_SEARCH_PATHS = "$(inherited) @executable_path/Frameworks @loader_path/Frameworks";
				PRODUCT_NAME = "$(TARGET_NAME)";
				TEST_HOST = "$(BUILT_PRODUCTS_DIR)/Tut8Ex1.app/Tut8Ex1";
			};
			name = Debug;
		};
		D838CB0319F51ABA001A739B /* Release */ = {
			isa = XCBuildConfiguration;
			buildSettings = {
				BUNDLE_LOADER = "$(TEST_HOST)";
				FRAMEWORK_SEARCH_PATHS = (
					"$(SDKROOT)/Developer/Library/Frameworks",
					"$(inherited)",
				);
				INFOPLIST_FILE = Tut8Ex1Tests/Info.plist;
				LD_RUNPATH_SEARCH_PATHS = "$(inherited) @executable_path/Frameworks @loader_path/Frameworks";
				PRODUCT_NAME = "$(TARGET_NAME)";
				TEST_HOST = "$(BUILT_PRODUCTS_DIR)/Tut8Ex1.app/Tut8Ex1";
			};
			name = Release;
		};
/* End XCBuildConfiguration section */

/* Begin XCConfigurationList section */
		D838CADA19F51AB9001A739B /* Build configuration list for PBXProject "Tut8Ex1" */ = {
			isa = XCConfigurationList;
			buildConfigurations = (
				D838CAFC19F51ABA001A739B /* Debug */,
				D838CAFD19F51ABA001A739B /* Release */,
			);
			defaultConfigurationIsVisible = 0;
			defaultConfigurationName = Release;
		};
		D838CAFE19F51ABA001A739B /* Build configuration list for PBXNativeTarget "Tut8Ex1" */ = {
			isa = XCConfigurationList;
			buildConfigurations = (
				D838CAFF19F51ABA001A739B /* Debug */,
				D838CB0019F51ABA001A739B /* Release */,
			);
			defaultConfigurationIsVisible = 0;
			defaultConfigurationName = Release;
		};
		D838CB0119F51ABA001A739B /* Build configuration list for PBXNativeTarget "Tut8Ex1Tests" */ = {
			isa = XCConfigurationList;
			buildConfigurations = (
				D838CB0219F51ABA001A739B /* Debug */,
				D838CB0319F51ABA001A739B /* Release */,
			);
			defaultConfigurationIsVisible = 0;
			defaultConfigurationName = Release;
		};
/* End XCConfigurationList section */
	};
	rootObject = D838CAD719F51AB9001A739B /* Project object */;
}
