// !$*UTF8*$!
{
	archiveVersion = 1;
	classes = {
	};
	objectVersion = 46;
	objects = {

/* Begin PBXBuildFile section */
		D85AF97E19D95ED600665C9B /* AppDelegate.swift in Sources */ = {isa = PBXBuildFile; fileRef = D85AF97D19D95ED600665C9B /* AppDelegate.swift */; };
		D85AF98019D95ED600665C9B /* ViewController.swift in Sources */ = {isa = PBXBuildFile; fileRef = D85AF97F19D95ED600665C9B /* ViewController.swift */; };
		D85AF98319D95ED600665C9B /* Main.storyboard in Resources */ = {isa = PBXBuildFile; fileRef = D85AF98119D95ED600665C9B /* Main.storyboard */; };
		D85AF98519D95ED600665C9B /* Images.xcassets in Resources */ = {isa = PBXBuildFile; fileRef = D85AF98419D95ED600665C9B /* Images.xcassets */; };
		D85AF98819D95ED600665C9B /* LaunchScreen.xib in Resources */ = {isa = PBXBuildFile; fileRef = D85AF98619D95ED600665C9B /* LaunchScreen.xib */; };
		D85AF99419D95ED600665C9B /* Tut3Ex3Tests.swift in Sources */ = {isa = PBXBuildFile; fileRef = D85AF99319D95ED600665C9B /* Tut3Ex3Tests.swift */; };
/* End PBXBuildFile section */

/* Begin PBXContainerItemProxy section */
		D85AF98E19D95ED600665C9B /* PBXContainerItemProxy */ = {
			isa = PBXContainerItemProxy;
			containerPortal = D85AF97019D95ED600665C9B /* Project object */;
			proxyType = 1;
			remoteGlobalIDString = D85AF97719D95ED600665C9B;
			remoteInfo = Tut3Ex3;
		};
/* End PBXContainerItemProxy section */

/* Begin PBXFileReference section */
		D85AF97819D95ED600665C9B /* Tut3Ex3.app */ = {isa = PBXFileReference; explicitFileType = wrapper.application; includeInIndex = 0; path = Tut3Ex3.app; sourceTree = BUILT_PRODUCTS_DIR; };
		D85AF97C19D95ED600665C9B /* Info.plist */ = {isa = PBXFileReference; lastKnownFileType = text.plist.xml; path = Info.plist; sourceTree = "<group>"; };
		D85AF97D19D95ED600665C9B /* AppDelegate.swift */ = {isa = PBXFileReference; lastKnownFileType = sourcecode.swift; path = AppDelegate.swift; sourceTree = "<group>"; };
		D85AF97F19D95ED600665C9B /* ViewController.swift */ = {isa = PBXFileReference; lastKnownFileType = sourcecode.swift; path = ViewController.swift; sourceTree = "<group>"; };
		D85AF98219D95ED600665C9B /* Base */ = {isa = PBXFileReference; lastKnownFileType = file.storyboard; name = Base; path = Base.lproj/Main.storyboard; sourceTree = "<group>"; };
		D85AF98419D95ED600665C9B /* Images.xcassets */ = {isa = PBXFileReference; lastKnownFileType = folder.assetcatalog; path = Images.xcassets; sourceTree = "<group>"; };
		D85AF98719D95ED600665C9B /* Base */ = {isa = PBXFileReference; lastKnownFileType = file.xib; name = Base; path = Base.lproj/LaunchScreen.xib; sourceTree = "<group>"; };
		D85AF98D19D95ED600665C9B /* Tut3Ex3Tests.xctest */ = {isa = PBXFileReference; explicitFileType = wrapper.cfbundle; includeInIndex = 0; path = Tut3Ex3Tests.xctest; sourceTree = BUILT_PRODUCTS_DIR; };
		D85AF99219D95ED600665C9B /* Info.plist */ = {isa = PBXFileReference; lastKnownFileType = text.plist.xml; path = Info.plist; sourceTree = "<group>"; };
		D85AF99319D95ED600665C9B /* Tut3Ex3Tests.swift */ = {isa = PBXFileReference; lastKnownFileType = sourcecode.swift; path = Tut3Ex3Tests.swift; sourceTree = "<group>"; };
/* End PBXFileReference section */

/* Begin PBXFrameworksBuildPhase section */
		D85AF97519D95ED600665C9B /* Frameworks */ = {
			isa = PBXFrameworksBuildPhase;
			buildActionMask = 2147483647;
			files = (
			);
			runOnlyForDeploymentPostprocessing = 0;
		};
		D85AF98A19D95ED600665C9B /* Frameworks */ = {
			isa = PBXFrameworksBuildPhase;
			buildActionMask = 2147483647;
			files = (
			);
			runOnlyForDeploymentPostprocessing = 0;
		};
/* End PBXFrameworksBuildPhase section */

/* Begin PBXGroup section */
		D85AF96F19D95ED600665C9B = {
			isa = PBXGroup;
			children = (
				D85AF97A19D95ED600665C9B /* Tut3Ex3 */,
				D85AF99019D95ED600665C9B /* Tut3Ex3Tests */,
				D85AF97919D95ED600665C9B /* Products */,
			);
			sourceTree = "<group>";
		};
		D85AF97919D95ED600665C9B /* Products */ = {
			isa = PBXGroup;
			children = (
				D85AF97819D95ED600665C9B /* Tut3Ex3.app */,
				D85AF98D19D95ED600665C9B /* Tut3Ex3Tests.xctest */,
			);
			name = Products;
			sourceTree = "<group>";
		};
		D85AF97A19D95ED600665C9B /* Tut3Ex3 */ = {
			isa = PBXGroup;
			children = (
				D85AF97D19D95ED600665C9B /* AppDelegate.swift */,
				D85AF97F19D95ED600665C9B /* ViewController.swift */,
				D85AF98119D95ED600665C9B /* Main.storyboard */,
				D85AF98419D95ED600665C9B /* Images.xcassets */,
				D85AF98619D95ED600665C9B /* LaunchScreen.xib */,
				D85AF97B19D95ED600665C9B /* Supporting Files */,
			);
			path = Tut3Ex3;
			sourceTree = "<group>";
		};
		D85AF97B19D95ED600665C9B /* Supporting Files */ = {
			isa = PBXGroup;
			children = (
				D85AF97C19D95ED600665C9B /* Info.plist */,
			);
			name = "Supporting Files";
			sourceTree = "<group>";
		};
		D85AF99019D95ED600665C9B /* Tut3Ex3Tests */ = {
			isa = PBXGroup;
			children = (
				D85AF99319D95ED600665C9B /* Tut3Ex3Tests.swift */,
				D85AF99119D95ED600665C9B /* Supporting Files */,
			);
			path = Tut3Ex3Tests;
			sourceTree = "<group>";
		};
		D85AF99119D95ED600665C9B /* Supporting Files */ = {
			isa = PBXGroup;
			children = (
				D85AF99219D95ED600665C9B /* Info.plist */,
			);
			name = "Supporting Files";
			sourceTree = "<group>";
		};
/* End PBXGroup section */

/* Begin PBXNativeTarget section */
		D85AF97719D95ED600665C9B /* Tut3Ex3 */ = {
			isa = PBXNativeTarget;
			buildConfigurationList = D85AF99719D95ED600665C9B /* Build configuration list for PBXNativeTarget "Tut3Ex3" */;
			buildPhases = (
				D85AF97419D95ED600665C9B /* Sources */,
				D85AF97519D95ED600665C9B /* Frameworks */,
				D85AF97619D95ED600665C9B /* Resources */,
			);
			buildRules = (
			);
			dependencies = (
			);
			name = Tut3Ex3;
			productName = Tut3Ex3;
			productReference = D85AF97819D95ED600665C9B /* Tut3Ex3.app */;
			productType = "com.apple.product-type.application";
		};
		D85AF98C19D95ED600665C9B /* Tut3Ex3Tests */ = {
			isa = PBXNativeTarget;
			buildConfigurationList = D85AF99A19D95ED600665C9B /* Build configuration list for PBXNativeTarget "Tut3Ex3Tests" */;
			buildPhases = (
				D85AF98919D95ED600665C9B /* Sources */,
				D85AF98A19D95ED600665C9B /* Frameworks */,
				D85AF98B19D95ED600665C9B /* Resources */,
			);
			buildRules = (
			);
			dependencies = (
				D85AF98F19D95ED600665C9B /* PBXTargetDependency */,
			);
			name = Tut3Ex3Tests;
			productName = Tut3Ex3Tests;
			productReference = D85AF98D19D95ED600665C9B /* Tut3Ex3Tests.xctest */;
			productType = "com.apple.product-type.bundle.unit-test";
		};
/* End PBXNativeTarget section */

/* Begin PBXProject section */
		D85AF97019D95ED600665C9B /* Project object */ = {
			isa = PBXProject;
			attributes = {
				LastUpgradeCheck = 0600;
				ORGANIZATIONNAME = Megamanhxh;
				TargetAttributes = {
					D85AF97719D95ED600665C9B = {
						CreatedOnToolsVersion = 6.0;
					};
					D85AF98C19D95ED600665C9B = {
						CreatedOnToolsVersion = 6.0;
						TestTargetID = D85AF97719D95ED600665C9B;
					};
				};
			};
			buildConfigurationList = D85AF97319D95ED600665C9B /* Build configuration list for PBXProject "Tut3Ex3" */;
			compatibilityVersion = "Xcode 3.2";
			developmentRegion = English;
			hasScannedForEncodings = 0;
			knownRegions = (
				en,
				Base,
			);
			mainGroup = D85AF96F19D95ED600665C9B;
			productRefGroup = D85AF97919D95ED600665C9B /* Products */;
			projectDirPath = "";
			projectRoot = "";
			targets = (
				D85AF97719D95ED600665C9B /* Tut3Ex3 */,
				D85AF98C19D95ED600665C9B /* Tut3Ex3Tests */,
			);
		};
/* End PBXProject section */

/* Begin PBXResourcesBuildPhase section */
		D85AF97619D95ED600665C9B /* Resources */ = {
			isa = PBXResourcesBuildPhase;
			buildActionMask = 2147483647;
			files = (
				D85AF98319D95ED600665C9B /* Main.storyboard in Resources */,
				D85AF98819D95ED600665C9B /* LaunchScreen.xib in Resources */,
				D85AF98519D95ED600665C9B /* Images.xcassets in Resources */,
			);
			runOnlyForDeploymentPostprocessing = 0;
		};
		D85AF98B19D95ED600665C9B /* Resources */ = {
			isa = PBXResourcesBuildPhase;
			buildActionMask = 2147483647;
			files = (
			);
			runOnlyForDeploymentPostprocessing = 0;
		};
/* End PBXResourcesBuildPhase section */

/* Begin PBXSourcesBuildPhase section */
		D85AF97419D95ED600665C9B /* Sources */ = {
			isa = PBXSourcesBuildPhase;
			buildActionMask = 2147483647;
			files = (
				D85AF98019D95ED600665C9B /* ViewController.swift in Sources */,
				D85AF97E19D95ED600665C9B /* AppDelegate.swift in Sources */,
			);
			runOnlyForDeploymentPostprocessing = 0;
		};
		D85AF98919D95ED600665C9B /* Sources */ = {
			isa = PBXSourcesBuildPhase;
			buildActionMask = 2147483647;
			files = (
				D85AF99419D95ED600665C9B /* Tut3Ex3Tests.swift in Sources */,
			);
			runOnlyForDeploymentPostprocessing = 0;
		};
/* End PBXSourcesBuildPhase section */

/* Begin PBXTargetDependency section */
		D85AF98F19D95ED600665C9B /* PBXTargetDependency */ = {
			isa = PBXTargetDependency;
			target = D85AF97719D95ED600665C9B /* Tut3Ex3 */;
			targetProxy = D85AF98E19D95ED600665C9B /* PBXContainerItemProxy */;
		};
/* End PBXTargetDependency section */

/* Begin PBXVariantGroup section */
		D85AF98119D95ED600665C9B /* Main.storyboard */ = {
			isa = PBXVariantGroup;
			children = (
				D85AF98219D95ED600665C9B /* Base */,
			);
			name = Main.storyboard;
			sourceTree = "<group>";
		};
		D85AF98619D95ED600665C9B /* LaunchScreen.xib */ = {
			isa = PBXVariantGroup;
			children = (
				D85AF98719D95ED600665C9B /* Base */,
			);
			name = LaunchScreen.xib;
			sourceTree = "<group>";
		};
/* End PBXVariantGroup section */

/* Begin XCBuildConfiguration section */
		D85AF99519D95ED600665C9B /* Debug */ = {
			isa = XCBuildConfiguration;
			buildSettings = {
				ALWAYS_SEARCH_USER_PATHS = NO;
				CLANG_CXX_LANGUAGE_STANDARD = "gnu++0x";
				CLANG_CXX_LIBRARY = "libc++";
				CLANG_ENABLE_MODULES = YES;
				CLANG_ENABLE_OBJC_ARC = YES;
				CLANG_WARN_BOOL_CONVERSION = YES;
				CLANG_WARN_CONSTANT_CONVERSION = YES;
				CLANG_WARN_DIRECT_OBJC_ISA_USAGE = YES_ERROR;
				CLANG_WARN_EMPTY_BODY = YES;
				CLANG_WARN_ENUM_CONVERSION = YES;
				CLANG_WARN_INT_CONVERSION = YES;
				CLANG_WARN_OBJC_ROOT_CLASS = YES_ERROR;
				CLANG_WARN_UNREACHABLE_CODE = YES;
				CLANG_WARN__DUPLICATE_METHOD_MATCH = YES;
				"CODE_SIGN_IDENTITY[sdk=iphoneos*]" = "iPhone Developer";
				COPY_PHASE_STRIP = NO;
				ENABLE_STRICT_OBJC_MSGSEND = YES;
				GCC_C_LANGUAGE_STANDARD = gnu99;
				GCC_DYNAMIC_NO_PIC = NO;
				GCC_OPTIMIZATION_LEVEL = 0;
				GCC_PREPROCESSOR_DEFINITIONS = (
					"DEBUG=1",
					"$(inherited)",
				);
				GCC_SYMBOLS_PRIVATE_EXTERN = NO;
				GCC_WARN_64_TO_32_BIT_CONVERSION = YES;
				GCC_WARN_ABOUT_RETURN_TYPE = YES_ERROR;
				GCC_WARN_UNDECLARED_SELECTOR = YES;
				GCC_WARN_UNINITIALIZED_AUTOS = YES_AGGRESSIVE;
				GCC_WARN_UNUSED_FUNCTION = YES;
				GCC_WARN_UNUSED_VARIABLE = YES;
				IPHONEOS_DEPLOYMENT_TARGET = 8.0;
				MTL_ENABLE_DEBUG_INFO = YES;
				ONLY_ACTIVE_ARCH = YES;
				SDKROOT = iphoneos;
				SWIFT_OPTIMIZATION_LEVEL = "-Onone";
			};
			name = Debug;
		};
		D85AF99619D95ED600665C9B /* Release */ = {
			isa = XCBuildConfiguration;
			buildSettings = {
				ALWAYS_SEARCH_USER_PATHS = NO;
				CLANG_CXX_LANGUAGE_STANDARD = "gnu++0x";
				CLANG_CXX_LIBRARY = "libc++";
				CLANG_ENABLE_MODULES = YES;
				CLANG_ENABLE_OBJC_ARC = YES;
				CLANG_WARN_BOOL_CONVERSION = YES;
				CLANG_WARN_CONSTANT_CONVERSION = YES;
				CLANG_WARN_DIRECT_OBJC_ISA_USAGE = YES_ERROR;
				CLANG_WARN_EMPTY_BODY = YES;
				CLANG_WARN_ENUM_CONVERSION = YES;
				CLANG_WARN_INT_CONVERSION = YES;
				CLANG_WARN_OBJC_ROOT_CLASS = YES_ERROR;
				CLANG_WARN_UNREACHABLE_CODE = YES;
				CLANG_WARN__DUPLICATE_METHOD_MATCH = YES;
				"CODE_SIGN_IDENTITY[sdk=iphoneos*]" = "iPhone Developer";
				COPY_PHASE_STRIP = YES;
				ENABLE_NS_ASSERTIONS = NO;
				ENABLE_STRICT_OBJC_MSGSEND = YES;
				GCC_C_LANGUAGE_STANDARD = gnu99;
				GCC_WARN_64_TO_32_BIT_CONVERSION = YES;
				GCC_WARN_ABOUT_RETURN_TYPE = YES_ERROR;
				GCC_WARN_UNDECLARED_SELECTOR = YES;
				GCC_WARN_UNINITIALIZED_AUTOS = YES_AGGRESSIVE;
				GCC_WARN_UNUSED_FUNCTION = YES;
				GCC_WARN_UNUSED_VARIABLE = YES;
				IPHONEOS_DEPLOYMENT_TARGET = 8.0;
				MTL_ENABLE_DEBUG_INFO = NO;
				SDKROOT = iphoneos;
				VALIDATE_PRODUCT = YES;
			};
			name = Release;
		};
		D85AF99819D95ED600665C9B /* Debug */ = {
			isa = XCBuildConfiguration;
			buildSettings = {
				ASSETCATALOG_COMPILER_APPICON_NAME = AppIcon;
				INFOPLIST_FILE = Tut3Ex3/Info.plist;
				LD_RUNPATH_SEARCH_PATHS = "$(inherited) @executable_path/Frameworks";
				PRODUCT_NAME = "$(TARGET_NAME)";
			};
			name = Debug;
		};
		D85AF99919D95ED600665C9B /* Release */ = {
			isa = XCBuildConfiguration;
			buildSettings = {
				ASSETCATALOG_COMPILER_APPICON_NAME = AppIcon;
				INFOPLIST_FILE = Tut3Ex3/Info.plist;
				LD_RUNPATH_SEARCH_PATHS = "$(inherited) @executable_path/Frameworks";
				PRODUCT_NAME = "$(TARGET_NAME)";
			};
			name = Release;
		};
		D85AF99B19D95ED600665C9B /* Debug */ = {
			isa = XCBuildConfiguration;
			buildSettings = {
				BUNDLE_LOADER = "$(TEST_HOST)";
				FRAMEWORK_SEARCH_PATHS = (
					"$(SDKROOT)/Developer/Library/Frameworks",
					"$(inherited)",
				);
				GCC_PREPROCESSOR_DEFINITIONS = (
					"DEBUG=1",
					"$(inherited)",
				);
				INFOPLIST_FILE = Tut3Ex3Tests/Info.plist;
				LD_RUNPATH_SEARCH_PATHS = "$(inherited) @executable_path/Frameworks @loader_path/Frameworks";
				PRODUCT_NAME = "$(TARGET_NAME)";
				TEST_HOST = "$(BUILT_PRODUCTS_DIR)/Tut3Ex3.app/Tut3Ex3";
			};
			name = Debug;
		};
		D85AF99C19D95ED600665C9B /* Release */ = {
			isa = XCBuildConfiguration;
			buildSettings = {
				BUNDLE_LOADER = "$(TEST_HOST)";
				FRAMEWORK_SEARCH_PATHS = (
					"$(SDKROOT)/Developer/Library/Frameworks",
					"$(inherited)",
				);
				INFOPLIST_FILE = Tut3Ex3Tests/Info.plist;
				LD_RUNPATH_SEARCH_PATHS = "$(inherited) @executable_path/Frameworks @loader_path/Frameworks";
				PRODUCT_NAME = "$(TARGET_NAME)";
				TEST_HOST = "$(BUILT_PRODUCTS_DIR)/Tut3Ex3.app/Tut3Ex3";
			};
			name = Release;
		};
/* End XCBuildConfiguration section */

/* Begin XCConfigurationList section */
		D85AF97319D95ED600665C9B /* Build configuration list for PBXProject "Tut3Ex3" */ = {
			isa = XCConfigurationList;
			buildConfigurations = (
				D85AF99519D95ED600665C9B /* Debug */,
				D85AF99619D95ED600665C9B /* Release */,
			);
			defaultConfigurationIsVisible = 0;
			defaultConfigurationName = Release;
		};
		D85AF99719D95ED600665C9B /* Build configuration list for PBXNativeTarget "Tut3Ex3" */ = {
			isa = XCConfigurationList;
			buildConfigurations = (
				D85AF99819D95ED600665C9B /* Debug */,
				D85AF99919D95ED600665C9B /* Release */,
			);
			defaultConfigurationIsVisible = 0;
		};
		D85AF99A19D95ED600665C9B /* Build configuration list for PBXNativeTarget "Tut3Ex3Tests" */ = {
			isa = XCConfigurationList;
			buildConfigurations = (
				D85AF99B19D95ED600665C9B /* Debug */,
				D85AF99C19D95ED600665C9B /* Release */,
			);
			defaultConfigurationIsVisible = 0;
		};
/* End XCConfigurationList section */
	};
	rootObject = D85AF97019D95ED600665C9B /* Project object */;
}
