// !$*UTF8*$!
{
	archiveVersion = 1;
	classes = {
	};
	objectVersion = 46;
	objects = {

/* Begin PBXBuildFile section */
		D8A34A2D19EBDF0300C0ADE9 /* AppDelegate.swift in Sources */ = {isa = PBXBuildFile; fileRef = D8A34A2C19EBDF0300C0ADE9 /* AppDelegate.swift */; };
		D8A34A2F19EBDF0300C0ADE9 /* ViewController.swift in Sources */ = {isa = PBXBuildFile; fileRef = D8A34A2E19EBDF0300C0ADE9 /* ViewController.swift */; };
		D8A34A3219EBDF0300C0ADE9 /* Main.storyboard in Resources */ = {isa = PBXBuildFile; fileRef = D8A34A3019EBDF0300C0ADE9 /* Main.storyboard */; };
		D8A34A3419EBDF0300C0ADE9 /* Images.xcassets in Resources */ = {isa = PBXBuildFile; fileRef = D8A34A3319EBDF0300C0ADE9 /* Images.xcassets */; };
		D8A34A3719EBDF0300C0ADE9 /* LaunchScreen.xib in Resources */ = {isa = PBXBuildFile; fileRef = D8A34A3519EBDF0300C0ADE9 /* LaunchScreen.xib */; };
		D8A34A4319EBDF0300C0ADE9 /* Tut6Ex3Tests.swift in Sources */ = {isa = PBXBuildFile; fileRef = D8A34A4219EBDF0300C0ADE9 /* Tut6Ex3Tests.swift */; };
/* End PBXBuildFile section */

/* Begin PBXContainerItemProxy section */
		D8A34A3D19EBDF0300C0ADE9 /* PBXContainerItemProxy */ = {
			isa = PBXContainerItemProxy;
			containerPortal = D8A34A1F19EBDF0300C0ADE9 /* Project object */;
			proxyType = 1;
			remoteGlobalIDString = D8A34A2619EBDF0300C0ADE9;
			remoteInfo = Tut6Ex3;
		};
/* End PBXContainerItemProxy section */

/* Begin PBXFileReference section */
		D8A34A2719EBDF0300C0ADE9 /* Tut6Ex3.app */ = {isa = PBXFileReference; explicitFileType = wrapper.application; includeInIndex = 0; path = Tut6Ex3.app; sourceTree = BUILT_PRODUCTS_DIR; };
		D8A34A2B19EBDF0300C0ADE9 /* Info.plist */ = {isa = PBXFileReference; lastKnownFileType = text.plist.xml; path = Info.plist; sourceTree = "<group>"; };
		D8A34A2C19EBDF0300C0ADE9 /* AppDelegate.swift */ = {isa = PBXFileReference; lastKnownFileType = sourcecode.swift; path = AppDelegate.swift; sourceTree = "<group>"; };
		D8A34A2E19EBDF0300C0ADE9 /* ViewController.swift */ = {isa = PBXFileReference; lastKnownFileType = sourcecode.swift; path = ViewController.swift; sourceTree = "<group>"; };
		D8A34A3119EBDF0300C0ADE9 /* Base */ = {isa = PBXFileReference; lastKnownFileType = file.storyboard; name = Base; path = Base.lproj/Main.storyboard; sourceTree = "<group>"; };
		D8A34A3319EBDF0300C0ADE9 /* Images.xcassets */ = {isa = PBXFileReference; lastKnownFileType = folder.assetcatalog; path = Images.xcassets; sourceTree = "<group>"; };
		D8A34A3619EBDF0300C0ADE9 /* Base */ = {isa = PBXFileReference; lastKnownFileType = file.xib; name = Base; path = Base.lproj/LaunchScreen.xib; sourceTree = "<group>"; };
		D8A34A3C19EBDF0300C0ADE9 /* Tut6Ex3Tests.xctest */ = {isa = PBXFileReference; explicitFileType = wrapper.cfbundle; includeInIndex = 0; path = Tut6Ex3Tests.xctest; sourceTree = BUILT_PRODUCTS_DIR; };
		D8A34A4119EBDF0300C0ADE9 /* Info.plist */ = {isa = PBXFileReference; lastKnownFileType = text.plist.xml; path = Info.plist; sourceTree = "<group>"; };
		D8A34A4219EBDF0300C0ADE9 /* Tut6Ex3Tests.swift */ = {isa = PBXFileReference; lastKnownFileType = sourcecode.swift; path = Tut6Ex3Tests.swift; sourceTree = "<group>"; };
/* End PBXFileReference section */

/* Begin PBXFrameworksBuildPhase section */
		D8A34A2419EBDF0300C0ADE9 /* Frameworks */ = {
			isa = PBXFrameworksBuildPhase;
			buildActionMask = 2147483647;
			files = (
			);
			runOnlyForDeploymentPostprocessing = 0;
		};
		D8A34A3919EBDF0300C0ADE9 /* Frameworks */ = {
			isa = PBXFrameworksBuildPhase;
			buildActionMask = 2147483647;
			files = (
			);
			runOnlyForDeploymentPostprocessing = 0;
		};
/* End PBXFrameworksBuildPhase section */

/* Begin PBXGroup section */
		D8A34A1E19EBDF0300C0ADE9 = {
			isa = PBXGroup;
			children = (
				D8A34A2919EBDF0300C0ADE9 /* Tut6Ex3 */,
				D8A34A3F19EBDF0300C0ADE9 /* Tut6Ex3Tests */,
				D8A34A2819EBDF0300C0ADE9 /* Products */,
			);
			sourceTree = "<group>";
		};
		D8A34A2819EBDF0300C0ADE9 /* Products */ = {
			isa = PBXGroup;
			children = (
				D8A34A2719EBDF0300C0ADE9 /* Tut6Ex3.app */,
				D8A34A3C19EBDF0300C0ADE9 /* Tut6Ex3Tests.xctest */,
			);
			name = Products;
			sourceTree = "<group>";
		};
		D8A34A2919EBDF0300C0ADE9 /* Tut6Ex3 */ = {
			isa = PBXGroup;
			children = (
				D8A34A2C19EBDF0300C0ADE9 /* AppDelegate.swift */,
				D8A34A2E19EBDF0300C0ADE9 /* ViewController.swift */,
				D8A34A3019EBDF0300C0ADE9 /* Main.storyboard */,
				D8A34A3319EBDF0300C0ADE9 /* Images.xcassets */,
				D8A34A3519EBDF0300C0ADE9 /* LaunchScreen.xib */,
				D8A34A2A19EBDF0300C0ADE9 /* Supporting Files */,
			);
			path = Tut6Ex3;
			sourceTree = "<group>";
		};
		D8A34A2A19EBDF0300C0ADE9 /* Supporting Files */ = {
			isa = PBXGroup;
			children = (
				D8A34A2B19EBDF0300C0ADE9 /* Info.plist */,
			);
			name = "Supporting Files";
			sourceTree = "<group>";
		};
		D8A34A3F19EBDF0300C0ADE9 /* Tut6Ex3Tests */ = {
			isa = PBXGroup;
			children = (
				D8A34A4219EBDF0300C0ADE9 /* Tut6Ex3Tests.swift */,
				D8A34A4019EBDF0300C0ADE9 /* Supporting Files */,
			);
			path = Tut6Ex3Tests;
			sourceTree = "<group>";
		};
		D8A34A4019EBDF0300C0ADE9 /* Supporting Files */ = {
			isa = PBXGroup;
			children = (
				D8A34A4119EBDF0300C0ADE9 /* Info.plist */,
			);
			name = "Supporting Files";
			sourceTree = "<group>";
		};
/* End PBXGroup section */

/* Begin PBXNativeTarget section */
		D8A34A2619EBDF0300C0ADE9 /* Tut6Ex3 */ = {
			isa = PBXNativeTarget;
			buildConfigurationList = D8A34A4619EBDF0300C0ADE9 /* Build configuration list for PBXNativeTarget "Tut6Ex3" */;
			buildPhases = (
				D8A34A2319EBDF0300C0ADE9 /* Sources */,
				D8A34A2419EBDF0300C0ADE9 /* Frameworks */,
				D8A34A2519EBDF0300C0ADE9 /* Resources */,
			);
			buildRules = (
			);
			dependencies = (
			);
			name = Tut6Ex3;
			productName = Tut6Ex3;
			productReference = D8A34A2719EBDF0300C0ADE9 /* Tut6Ex3.app */;
			productType = "com.apple.product-type.application";
		};
		D8A34A3B19EBDF0300C0ADE9 /* Tut6Ex3Tests */ = {
			isa = PBXNativeTarget;
			buildConfigurationList = D8A34A4919EBDF0300C0ADE9 /* Build configuration list for PBXNativeTarget "Tut6Ex3Tests" */;
			buildPhases = (
				D8A34A3819EBDF0300C0ADE9 /* Sources */,
				D8A34A3919EBDF0300C0ADE9 /* Frameworks */,
				D8A34A3A19EBDF0300C0ADE9 /* Resources */,
			);
			buildRules = (
			);
			dependencies = (
				D8A34A3E19EBDF0300C0ADE9 /* PBXTargetDependency */,
			);
			name = Tut6Ex3Tests;
			productName = Tut6Ex3Tests;
			productReference = D8A34A3C19EBDF0300C0ADE9 /* Tut6Ex3Tests.xctest */;
			productType = "com.apple.product-type.bundle.unit-test";
		};
/* End PBXNativeTarget section */

/* Begin PBXProject section */
		D8A34A1F19EBDF0300C0ADE9 /* Project object */ = {
			isa = PBXProject;
			attributes = {
				LastUpgradeCheck = 0600;
				ORGANIZATIONNAME = Megamanhxh;
				TargetAttributes = {
					D8A34A2619EBDF0300C0ADE9 = {
						CreatedOnToolsVersion = 6.0;
					};
					D8A34A3B19EBDF0300C0ADE9 = {
						CreatedOnToolsVersion = 6.0;
						TestTargetID = D8A34A2619EBDF0300C0ADE9;
					};
				};
			};
			buildConfigurationList = D8A34A2219EBDF0300C0ADE9 /* Build configuration list for PBXProject "Tut6Ex3" */;
			compatibilityVersion = "Xcode 3.2";
			developmentRegion = English;
			hasScannedForEncodings = 0;
			knownRegions = (
				en,
				Base,
			);
			mainGroup = D8A34A1E19EBDF0300C0ADE9;
			productRefGroup = D8A34A2819EBDF0300C0ADE9 /* Products */;
			projectDirPath = "";
			projectRoot = "";
			targets = (
				D8A34A2619EBDF0300C0ADE9 /* Tut6Ex3 */,
				D8A34A3B19EBDF0300C0ADE9 /* Tut6Ex3Tests */,
			);
		};
/* End PBXProject section */

/* Begin PBXResourcesBuildPhase section */
		D8A34A2519EBDF0300C0ADE9 /* Resources */ = {
			isa = PBXResourcesBuildPhase;
			buildActionMask = 2147483647;
			files = (
				D8A34A3219EBDF0300C0ADE9 /* Main.storyboard in Resources */,
				D8A34A3719EBDF0300C0ADE9 /* LaunchScreen.xib in Resources */,
				D8A34A3419EBDF0300C0ADE9 /* Images.xcassets in Resources */,
			);
			runOnlyForDeploymentPostprocessing = 0;
		};
		D8A34A3A19EBDF0300C0ADE9 /* Resources */ = {
			isa = PBXResourcesBuildPhase;
			buildActionMask = 2147483647;
			files = (
			);
			runOnlyForDeploymentPostprocessing = 0;
		};
/* End PBXResourcesBuildPhase section */

/* Begin PBXSourcesBuildPhase section */
		D8A34A2319EBDF0300C0ADE9 /* Sources */ = {
			isa = PBXSourcesBuildPhase;
			buildActionMask = 2147483647;
			files = (
				D8A34A2F19EBDF0300C0ADE9 /* ViewController.swift in Sources */,
				D8A34A2D19EBDF0300C0ADE9 /* AppDelegate.swift in Sources */,
			);
			runOnlyForDeploymentPostprocessing = 0;
		};
		D8A34A3819EBDF0300C0ADE9 /* Sources */ = {
			isa = PBXSourcesBuildPhase;
			buildActionMask = 2147483647;
			files = (
				D8A34A4319EBDF0300C0ADE9 /* Tut6Ex3Tests.swift in Sources */,
			);
			runOnlyForDeploymentPostprocessing = 0;
		};
/* End PBXSourcesBuildPhase section */

/* Begin PBXTargetDependency section */
		D8A34A3E19EBDF0300C0ADE9 /* PBXTargetDependency */ = {
			isa = PBXTargetDependency;
			target = D8A34A2619EBDF0300C0ADE9 /* Tut6Ex3 */;
			targetProxy = D8A34A3D19EBDF0300C0ADE9 /* PBXContainerItemProxy */;
		};
/* End PBXTargetDependency section */

/* Begin PBXVariantGroup section */
		D8A34A3019EBDF0300C0ADE9 /* Main.storyboard */ = {
			isa = PBXVariantGroup;
			children = (
				D8A34A3119EBDF0300C0ADE9 /* Base */,
			);
			name = Main.storyboard;
			sourceTree = "<group>";
		};
		D8A34A3519EBDF0300C0ADE9 /* LaunchScreen.xib */ = {
			isa = PBXVariantGroup;
			children = (
				D8A34A3619EBDF0300C0ADE9 /* Base */,
			);
			name = LaunchScreen.xib;
			sourceTree = "<group>";
		};
/* End PBXVariantGroup section */

/* Begin XCBuildConfiguration section */
		D8A34A4419EBDF0300C0ADE9 /* Debug */ = {
			isa = XCBuildConfiguration;
			buildSettings = {
				ALWAYS_SEARCH_USER_PATHS = NO;
				CLANG_CXX_LANGUAGE_STANDARD = "gnu++0x";
				CLANG_CXX_LIBRARY = "libc++";
				CLANG_ENABLE_MODULES = YES;
				CLANG_ENABLE_OBJC_ARC = YES;
				CLANG_WARN_BOOL_CONVERSION = YES;
				CLANG_WARN_CONSTANT_CONVERSION = YES;
				CLANG_WARN_DIRECT_OBJC_ISA_USAGE = YES_ERROR;
				CLANG_WARN_EMPTY_BODY = YES;
				CLANG_WARN_ENUM_CONVERSION = YES;
				CLANG_WARN_INT_CONVERSION = YES;
				CLANG_WARN_OBJC_ROOT_CLASS = YES_ERROR;
				CLANG_WARN_UNREACHABLE_CODE = YES;
				CLANG_WARN__DUPLICATE_METHOD_MATCH = YES;
				"CODE_SIGN_IDENTITY[sdk=iphoneos*]" = "iPhone Developer";
				COPY_PHASE_STRIP = NO;
				ENABLE_STRICT_OBJC_MSGSEND = YES;
				GCC_C_LANGUAGE_STANDARD = gnu99;
				GCC_DYNAMIC_NO_PIC = NO;
				GCC_OPTIMIZATION_LEVEL = 0;
				GCC_PREPROCESSOR_DEFINITIONS = (
					"DEBUG=1",
					"$(inherited)",
				);
				GCC_SYMBOLS_PRIVATE_EXTERN = NO;
				GCC_WARN_64_TO_32_BIT_CONVERSION = YES;
				GCC_WARN_ABOUT_RETURN_TYPE = YES_ERROR;
				GCC_WARN_UNDECLARED_SELECTOR = YES;
				GCC_WARN_UNINITIALIZED_AUTOS = YES_AGGRESSIVE;
				GCC_WARN_UNUSED_FUNCTION = YES;
				GCC_WARN_UNUSED_VARIABLE = YES;
				IPHONEOS_DEPLOYMENT_TARGET = 8.0;
				MTL_ENABLE_DEBUG_INFO = YES;
				ONLY_ACTIVE_ARCH = YES;
				SDKROOT = iphoneos;
				SWIFT_OPTIMIZATION_LEVEL = "-Onone";
			};
			name = Debug;
		};
		D8A34A4519EBDF0300C0ADE9 /* Release */ = {
			isa = XCBuildConfiguration;
			buildSettings = {
				ALWAYS_SEARCH_USER_PATHS = NO;
				CLANG_CXX_LANGUAGE_STANDARD = "gnu++0x";
				CLANG_CXX_LIBRARY = "libc++";
				CLANG_ENABLE_MODULES = YES;
				CLANG_ENABLE_OBJC_ARC = YES;
				CLANG_WARN_BOOL_CONVERSION = YES;
				CLANG_WARN_CONSTANT_CONVERSION = YES;
				CLANG_WARN_DIRECT_OBJC_ISA_USAGE = YES_ERROR;
				CLANG_WARN_EMPTY_BODY = YES;
				CLANG_WARN_ENUM_CONVERSION = YES;
				CLANG_WARN_INT_CONVERSION = YES;
				CLANG_WARN_OBJC_ROOT_CLASS = YES_ERROR;
				CLANG_WARN_UNREACHABLE_CODE = YES;
				CLANG_WARN__DUPLICATE_METHOD_MATCH = YES;
				"CODE_SIGN_IDENTITY[sdk=iphoneos*]" = "iPhone Developer";
				COPY_PHASE_STRIP = YES;
				ENABLE_NS_ASSERTIONS = NO;
				ENABLE_STRICT_OBJC_MSGSEND = YES;
				GCC_C_LANGUAGE_STANDARD = gnu99;
				GCC_WARN_64_TO_32_BIT_CONVERSION = YES;
				GCC_WARN_ABOUT_RETURN_TYPE = YES_ERROR;
				GCC_WARN_UNDECLARED_SELECTOR = YES;
				GCC_WARN_UNINITIALIZED_AUTOS = YES_AGGRESSIVE;
				GCC_WARN_UNUSED_FUNCTION = YES;
				GCC_WARN_UNUSED_VARIABLE = YES;
				IPHONEOS_DEPLOYMENT_TARGET = 8.0;
				MTL_ENABLE_DEBUG_INFO = NO;
				SDKROOT = iphoneos;
				VALIDATE_PRODUCT = YES;
			};
			name = Release;
		};
		D8A34A4719EBDF0300C0ADE9 /* Debug */ = {
			isa = XCBuildConfiguration;
			buildSettings = {
				ASSETCATALOG_COMPILER_APPICON_NAME = AppIcon;
				INFOPLIST_FILE = Tut6Ex3/Info.plist;
				LD_RUNPATH_SEARCH_PATHS = "$(inherited) @executable_path/Frameworks";
				PRODUCT_NAME = "$(TARGET_NAME)";
			};
			name = Debug;
		};
		D8A34A4819EBDF0300C0ADE9 /* Release */ = {
			isa = XCBuildConfiguration;
			buildSettings = {
				ASSETCATALOG_COMPILER_APPICON_NAME = AppIcon;
				INFOPLIST_FILE = Tut6Ex3/Info.plist;
				LD_RUNPATH_SEARCH_PATHS = "$(inherited) @executable_path/Frameworks";
				PRODUCT_NAME = "$(TARGET_NAME)";
			};
			name = Release;
		};
		D8A34A4A19EBDF0300C0ADE9 /* Debug */ = {
			isa = XCBuildConfiguration;
			buildSettings = {
				BUNDLE_LOADER = "$(TEST_HOST)";
				FRAMEWORK_SEARCH_PATHS = (
					"$(SDKROOT)/Developer/Library/Frameworks",
					"$(inherited)",
				);
				GCC_PREPROCESSOR_DEFINITIONS = (
					"DEBUG=1",
					"$(inherited)",
				);
				INFOPLIST_FILE = Tut6Ex3Tests/Info.plist;
				LD_RUNPATH_SEARCH_PATHS = "$(inherited) @executable_path/Frameworks @loader_path/Frameworks";
				PRODUCT_NAME = "$(TARGET_NAME)";
				TEST_HOST = "$(BUILT_PRODUCTS_DIR)/Tut6Ex3.app/Tut6Ex3";
			};
			name = Debug;
		};
		D8A34A4B19EBDF0300C0ADE9 /* Release */ = {
			isa = XCBuildConfiguration;
			buildSettings = {
				BUNDLE_LOADER = "$(TEST_HOST)";
				FRAMEWORK_SEARCH_PATHS = (
					"$(SDKROOT)/Developer/Library/Frameworks",
					"$(inherited)",
				);
				INFOPLIST_FILE = Tut6Ex3Tests/Info.plist;
				LD_RUNPATH_SEARCH_PATHS = "$(inherited) @executable_path/Frameworks @loader_path/Frameworks";
				PRODUCT_NAME = "$(TARGET_NAME)";
				TEST_HOST = "$(BUILT_PRODUCTS_DIR)/Tut6Ex3.app/Tut6Ex3";
			};
			name = Release;
		};
/* End XCBuildConfiguration section */

/* Begin XCConfigurationList section */
		D8A34A2219EBDF0300C0ADE9 /* Build configuration list for PBXProject "Tut6Ex3" */ = {
			isa = XCConfigurationList;
			buildConfigurations = (
				D8A34A4419EBDF0300C0ADE9 /* Debug */,
				D8A34A4519EBDF0300C0ADE9 /* Release */,
			);
			defaultConfigurationIsVisible = 0;
			defaultConfigurationName = Release;
		};
		D8A34A4619EBDF0300C0ADE9 /* Build configuration list for PBXNativeTarget "Tut6Ex3" */ = {
			isa = XCConfigurationList;
			buildConfigurations = (
				D8A34A4719EBDF0300C0ADE9 /* Debug */,
				D8A34A4819EBDF0300C0ADE9 /* Release */,
			);
			defaultConfigurationIsVisible = 0;
		};
		D8A34A4919EBDF0300C0ADE9 /* Build configuration list for PBXNativeTarget "Tut6Ex3Tests" */ = {
			isa = XCConfigurationList;
			buildConfigurations = (
				D8A34A4A19EBDF0300C0ADE9 /* Debug */,
				D8A34A4B19EBDF0300C0ADE9 /* Release */,
			);
			defaultConfigurationIsVisible = 0;
		};
/* End XCConfigurationList section */
	};
	rootObject = D8A34A1F19EBDF0300C0ADE9 /* Project object */;
}
